
Microsoft Visual Studio Solution File, Format Version 12.00
# Visual Studio Version 16
VisualStudioVersion = 16.0.31729.503
MinimumVisualStudioVersion = 10.0.40219.1
Project("{FAE04EC0-301F-11D3-BF4B-00C04F79EFBC}") = "ThirdPartyLibraries", "ThirdPartyLibraries\ThirdPartyLibraries.csproj", "{B1DF1B3D-D14E-4D73-9DEC-1C89F5386414}"
EndProject
Global
	GlobalSection(SolutionConfigurationPlatforms) = preSolution
		Debug|Any CPU = Debug|Any CPU
		Release|Any CPU = Release|Any CPU
	EndGlobalSection
	GlobalSection(ProjectConfigurationPlatforms) = postSolution
		{B1DF1B3D-D14E-4D73-9DEC-1C89F5386414}.Debug|Any CPU.ActiveCfg = Debug|Any CPU
		{B1DF1B3D-D14E-4D73-9DEC-1C89F5386414}.Debug|Any CPU.Build.0 = Debug|Any CPU
		{B1DF1B3D-D14E-4D73-9DEC-1C89F5386414}.Release|Any CPU.ActiveCfg = Release|Any CPU
		{B1DF1B3D-D14E-4D73-9DEC-1C89F5386414}.Release|Any CPU.Build.0 = Release|Any CPU
	EndGlobalSection
	GlobalSection(SolutionProperties) = preSolution
		HideSolutionNode = FALSE
	EndGlobalSection
	GlobalSection(ExtensibilityGlobals) = postSolution
		SolutionGuid = {46C112FA-32FD-4075-A40F-552C17DAF25E}
	EndGlobalSection
EndGlobal
